
Microsoft Visual Studio Solution File, Format Version 12.00
# Visual Studio Version 17
VisualStudioVersion = 17.4.33213.308
MinimumVisualStudioVersion = 10.0.40219.1
Project("{FAE04EC0-301F-11D3-BF4B-00C04F79EFBC}") = "testdecoup", "testdecoup.csproj", "{9279E2E0-0AE6-4C0B-B2C3-7739802B7CEE}"
EndProject
Global
	GlobalSection(SolutionConfigurationPlatforms) = preSolution
		Debug|Any CPU = Debug|Any CPU
		Release|Any CPU = Release|Any CPU
	EndGlobalSection
	GlobalSection(ProjectConfigurationPlatforms) = postSolution
		{9279E2E0-0AE6-4C0B-B2C3-7739802B7CEE}.Debug|Any CPU.ActiveCfg = Debug|Any CPU
		{9279E2E0-0AE6-4C0B-B2C3-7739802B7CEE}.Debug|Any CPU.Build.0 = Debug|Any CPU
		{9279E2E0-0AE6-4C0B-B2C3-7739802B7CEE}.Release|Any CPU.ActiveCfg = Release|Any CPU
		{9279E2E0-0AE6-4C0B-B2C3-7739802B7CEE}.Release|Any CPU.Build.0 = Release|Any CPU
	EndGlobalSection
	GlobalSection(SolutionProperties) = preSolution
		HideSolutionNode = FALSE
	EndGlobalSection
	GlobalSection(ExtensibilityGlobals) = postSolution
		SolutionGuid = {28AA8D00-AB5A-4423-9BE0-01AF68DAAAAC}
	EndGlobalSection
EndGlobal
